{
  "name": "sans",
  "lockfileVersion": 3,
  "requires": true,
  "packages": {
    "": {
      "dependencies": {
        "@dovetail-ds/react": "^0.4.0"
      }
    },
    "node_modules/@dovetail-ds/react": {
      "version": "0.4.0",
      "resolved": "https://registry.npmjs.org/@dovetail-ds/react/-/react-0.4.0.tgz",
      "integrity": "sha512-G6koR/7bClPNv/8BTXKLiL4psZLbP5NyAwUWSFs8vVzY6E9ncre8I3MFagGxObPRZn660304LvfaVCm3H69/Cw==",
      "license": "MIT",
      "peerDependencies": {
        "react": ">=18"
      }
    },
    "node_modules/react": {
      "version": "19.3.0",
      "resolved": "https://registry.npmjs.org/react/-/react-19.3.0.tgz",
      "integrity": "sha512-E8LUcbtBWt20bbl2YoHfx4ZDBdxVTfOKtCZn9cDSJ4l6/nuoApcpIBcj47t2wZoVX8g2ZHuMHbiShgCR1T5Sog==",
      "license": "MIT",
      "peer": true,
      "engines": {
        "node": ">=0.10.0"
      }
    }
  }
}
